// !$*UTF8*$!
{
	archiveVersion = 1;
	classes = {
	};
	objectVersion = 56;
	objects = {

/* Begin PBXBuildFile section */
		B3AC84CB29409284008EC2AC /* AppDelegate.swift in Sources */ = {isa = PBXBuildFile; fileRef = B3AC84CA29409284008EC2AC /* AppDelegate.swift */; };
		B3AC84CD29409284008EC2AC /* GameScene.sks in Resources */ = {isa = PBXBuildFile; fileRef = B3AC84CC29409284008EC2AC /* GameScene.sks */; };
		B3AC84CF29409284008EC2AC /* Actions.sks in Resources */ = {isa = PBXBuildFile; fileRef = B3AC84CE29409284008EC2AC /* Actions.sks */; };
		B3AC84D129409284008EC2AC /* GameScene.swift in Sources */ = {isa = PBXBuildFile; fileRef = B3AC84D029409284008EC2AC /* GameScene.swift */; };
		B3AC84D329409284008EC2AC /* GameViewController.swift in Sources */ = {isa = PBXBuildFile; fileRef = B3AC84D229409284008EC2AC /* GameViewController.swift */; };
		B3AC84D629409284008EC2AC /* Main.storyboard in Resources */ = {isa = PBXBuildFile; fileRef = B3AC84D429409284008EC2AC /* Main.storyboard */; };
		B3AC84D829409285008EC2AC /* Assets.xcassets in Resources */ = {isa = PBXBuildFile; fileRef = B3AC84D729409285008EC2AC /* Assets.xcassets */; };
		B3AC84DB29409285008EC2AC /* LaunchScreen.storyboard in Resources */ = {isa = PBXBuildFile; fileRef = B3AC84D929409285008EC2AC /* LaunchScreen.storyboard */; };
		E12728132941595D00CDD761 /* IngredientsModel.swift in Sources */ = {isa = PBXBuildFile; fileRef = E12728112941595D00CDD761 /* IngredientsModel.swift */; };
		E12728142941595D00CDD761 /* AudioManager.swift in Sources */ = {isa = PBXBuildFile; fileRef = E12728122941595D00CDD761 /* AudioManager.swift */; };
		E12728192941597B00CDD761 /* basil.ahap in Resources */ = {isa = PBXBuildFile; fileRef = E12728152941597B00CDD761 /* basil.ahap */; };
		E127281A2941597B00CDD761 /* tomato.ahap in Resources */ = {isa = PBXBuildFile; fileRef = E12728162941597B00CDD761 /* tomato.ahap */; };
		E127281B2941597B00CDD761 /* mozza.ahap in Resources */ = {isa = PBXBuildFile; fileRef = E12728172941597B00CDD761 /* mozza.ahap */; };
		E127281C2941597B00CDD761 /* oil.ahap in Resources */ = {isa = PBXBuildFile; fileRef = E12728182941597B00CDD761 /* oil.ahap */; };
		E12728332942A1C400CDD761 /* Oil.atlas in Resources */ = {isa = PBXBuildFile; fileRef = E12728302942A1C400CDD761 /* Oil.atlas */; };
		E12728342942A1C400CDD761 /* Tomato.atlas in Resources */ = {isa = PBXBuildFile; fileRef = E12728312942A1C400CDD761 /* Tomato.atlas */; };
		E12728352942A1C400CDD761 /* Mozzarella.atlas in Resources */ = {isa = PBXBuildFile; fileRef = E12728322942A1C400CDD761 /* Mozzarella.atlas */; };
		E127283D2943278500CDD761 /* Basil.atlas in Resources */ = {isa = PBXBuildFile; fileRef = E127283C2943278500CDD761 /* Basil.atlas */; };
		E127284029432D4900CDD761 /* FlowView.swift in Sources */ = {isa = PBXBuildFile; fileRef = E127283F29432D4900CDD761 /* FlowView.swift */; };
		E127284229432E0F00CDD761 /* PlaygroundView.swift in Sources */ = {isa = PBXBuildFile; fileRef = E127284129432E0F00CDD761 /* PlaygroundView.swift */; };
		E1B13CB929437F01006707A2 /* Pizza_Easy.wav in Resources */ = {isa = PBXBuildFile; fileRef = E1B13CB829437F01006707A2 /* Pizza_Easy.wav */; };
		E1B13CBB29437F27006707A2 /* Pizza_Medium.wav in Resources */ = {isa = PBXBuildFile; fileRef = E1B13CBA29437F27006707A2 /* Pizza_Medium.wav */; };
		E1B13CBD2943EAC8006707A2 /* PointsView.swift in Sources */ = {isa = PBXBuildFile; fileRef = E1B13CBC2943EAC8006707A2 /* PointsView.swift */; };
		E1B13CC02943F69F006707A2 /* LevelView.swift in Sources */ = {isa = PBXBuildFile; fileRef = E1B13CBF2943F69F006707A2 /* LevelView.swift */; };
		E1B13CC72944085F006707A2 /* MiniChef.atlas in Resources */ = {isa = PBXBuildFile; fileRef = E1B13CC62944085F006707A2 /* MiniChef.atlas */; };
/* End PBXBuildFile section */

/* Begin PBXFileReference section */
		B3AC84C729409284008EC2AC /* PizzaBit.app */ = {isa = PBXFileReference; explicitFileType = wrapper.application; includeInIndex = 0; path = PizzaBit.app; sourceTree = BUILT_PRODUCTS_DIR; };
		B3AC84CA29409284008EC2AC /* AppDelegate.swift */ = {isa = PBXFileReference; lastKnownFileType = sourcecode.swift; path = AppDelegate.swift; sourceTree = "<group>"; };
		B3AC84CC29409284008EC2AC /* GameScene.sks */ = {isa = PBXFileReference; lastKnownFileType = file.sks; path = GameScene.sks; sourceTree = "<group>"; };
		B3AC84CE29409284008EC2AC /* Actions.sks */ = {isa = PBXFileReference; lastKnownFileType = file.sks; path = Actions.sks; sourceTree = "<group>"; };
		B3AC84D029409284008EC2AC /* GameScene.swift */ = {isa = PBXFileReference; lastKnownFileType = sourcecode.swift; path = GameScene.swift; sourceTree = "<group>"; };
		B3AC84D229409284008EC2AC /* GameViewController.swift */ = {isa = PBXFileReference; lastKnownFileType = sourcecode.swift; path = GameViewController.swift; sourceTree = "<group>"; };
		B3AC84D529409284008EC2AC /* Base */ = {isa = PBXFileReference; lastKnownFileType = file.storyboard; name = Base; path = Base.lproj/Main.storyboard; sourceTree = "<group>"; };
		B3AC84D729409285008EC2AC /* Assets.xcassets */ = {isa = PBXFileReference; lastKnownFileType = folder.assetcatalog; path = Assets.xcassets; sourceTree = "<group>"; };
		B3AC84DA29409285008EC2AC /* Base */ = {isa = PBXFileReference; lastKnownFileType = file.storyboard; name = Base; path = Base.lproj/LaunchScreen.storyboard; sourceTree = "<group>"; };
		E12728112941595D00CDD761 /* IngredientsModel.swift */ = {isa = PBXFileReference; fileEncoding = 4; lastKnownFileType = sourcecode.swift; path = IngredientsModel.swift; sourceTree = "<group>"; };
		E12728122941595D00CDD761 /* AudioManager.swift */ = {isa = PBXFileReference; fileEncoding = 4; lastKnownFileType = sourcecode.swift; path = AudioManager.swift; sourceTree = "<group>"; };
		E12728152941597B00CDD761 /* basil.ahap */ = {isa = PBXFileReference; fileEncoding = 4; lastKnownFileType = text; path = basil.ahap; sourceTree = "<group>"; };
		E12728162941597B00CDD761 /* tomato.ahap */ = {isa = PBXFileReference; fileEncoding = 4; lastKnownFileType = text; path = tomato.ahap; sourceTree = "<group>"; };
		E12728172941597B00CDD761 /* mozza.ahap */ = {isa = PBXFileReference; fileEncoding = 4; lastKnownFileType = text; path = mozza.ahap; sourceTree = "<group>"; };
		E12728182941597B00CDD761 /* oil.ahap */ = {isa = PBXFileReference; fileEncoding = 4; lastKnownFileType = text; path = oil.ahap; sourceTree = "<group>"; };
		E12728302942A1C400CDD761 /* Oil.atlas */ = {isa = PBXFileReference; lastKnownFileType = folder.skatlas; path = Oil.atlas; sourceTree = "<group>"; };
		E12728312942A1C400CDD761 /* Tomato.atlas */ = {isa = PBXFileReference; lastKnownFileType = folder.skatlas; path = Tomato.atlas; sourceTree = "<group>"; };
		E12728322942A1C400CDD761 /* Mozzarella.atlas */ = {isa = PBXFileReference; lastKnownFileType = folder.skatlas; path = Mozzarella.atlas; sourceTree = "<group>"; };
		E127283C2943278500CDD761 /* Basil.atlas */ = {isa = PBXFileReference; lastKnownFileType = folder.skatlas; path = Basil.atlas; sourceTree = "<group>"; };
		E127283F29432D4900CDD761 /* FlowView.swift */ = {isa = PBXFileReference; lastKnownFileType = sourcecode.swift; path = FlowView.swift; sourceTree = "<group>"; };
		E127284129432E0F00CDD761 /* PlaygroundView.swift */ = {isa = PBXFileReference; lastKnownFileType = sourcecode.swift; path = PlaygroundView.swift; sourceTree = "<group>"; };
		E1B13CB829437F01006707A2 /* Pizza_Easy.wav */ = {isa = PBXFileReference; lastKnownFileType = audio.wav; path = Pizza_Easy.wav; sourceTree = "<group>"; };
		E1B13CBA29437F27006707A2 /* Pizza_Medium.wav */ = {isa = PBXFileReference; lastKnownFileType = audio.wav; path = Pizza_Medium.wav; sourceTree = "<group>"; };
		E1B13CBC2943EAC8006707A2 /* PointsView.swift */ = {isa = PBXFileReference; lastKnownFileType = sourcecode.swift; path = PointsView.swift; sourceTree = "<group>"; };
		E1B13CBF2943F69F006707A2 /* LevelView.swift */ = {isa = PBXFileReference; lastKnownFileType = sourcecode.swift; path = LevelView.swift; sourceTree = "<group>"; };
		E1B13CC62944085F006707A2 /* MiniChef.atlas */ = {isa = PBXFileReference; lastKnownFileType = folder.skatlas; path = MiniChef.atlas; sourceTree = "<group>"; };
/* End PBXFileReference section */

/* Begin PBXFrameworksBuildPhase section */
		B3AC84C429409284008EC2AC /* Frameworks */ = {
			isa = PBXFrameworksBuildPhase;
			buildActionMask = 2147483647;
			files = (
			);
			runOnlyForDeploymentPostprocessing = 0;
		};
/* End PBXFrameworksBuildPhase section */

/* Begin PBXGroup section */
		B3AC84BE29409284008EC2AC = {
			isa = PBXGroup;
			children = (
				B3AC84C929409284008EC2AC /* PizzaBit */,
				B3AC84C829409284008EC2AC /* Products */,
			);
			sourceTree = "<group>";
		};
		B3AC84C829409284008EC2AC /* Products */ = {
			isa = PBXGroup;
			children = (
				B3AC84C729409284008EC2AC /* PizzaBit.app */,
			);
			name = Products;
			sourceTree = "<group>";
		};
		B3AC84C929409284008EC2AC /* PizzaBit */ = {
			isa = PBXGroup;
			children = (
				E127280F2941589A00CDD761 /* View */,
				E127280E2941589000CDD761 /* Model */,
				E12728102941591000CDD761 /* OST */,
				E127280D2941588800CDD761 /* AHAP */,
				B3AC84CA29409284008EC2AC /* AppDelegate.swift */,
				B3AC84CC29409284008EC2AC /* GameScene.sks */,
				B3AC84CE29409284008EC2AC /* Actions.sks */,
				B3AC84D029409284008EC2AC /* GameScene.swift */,
				B3AC84D229409284008EC2AC /* GameViewController.swift */,
				B3AC84D429409284008EC2AC /* Main.storyboard */,
				B3AC84D729409285008EC2AC /* Assets.xcassets */,
				B3AC84D929409285008EC2AC /* LaunchScreen.storyboard */,
			);
			path = PizzaBit;
			sourceTree = "<group>";
		};
		E127280D2941588800CDD761 /* AHAP */ = {
			isa = PBXGroup;
			children = (
				E12728152941597B00CDD761 /* basil.ahap */,
				E12728172941597B00CDD761 /* mozza.ahap */,
				E12728182941597B00CDD761 /* oil.ahap */,
				E12728162941597B00CDD761 /* tomato.ahap */,
			);
			path = AHAP;
			sourceTree = "<group>";
		};
		E127280E2941589000CDD761 /* Model */ = {
			isa = PBXGroup;
			children = (
				E12728122941595D00CDD761 /* AudioManager.swift */,
				E12728112941595D00CDD761 /* IngredientsModel.swift */,
			);
			path = Model;
			sourceTree = "<group>";
		};
		E127280F2941589A00CDD761 /* View */ = {
			isa = PBXGroup;
			children = (
				E1B13CBE2943F683006707A2 /* Level */,
				E127284329432E2200CDD761 /* Playground */,
			);
			path = View;
			sourceTree = "<group>";
		};
		E12728102941591000CDD761 /* OST */ = {
			isa = PBXGroup;
			children = (
				E1B13CBA29437F27006707A2 /* Pizza_Medium.wav */,
				E1B13CB829437F01006707A2 /* Pizza_Easy.wav */,
			);
			path = OST;
			sourceTree = "<group>";
		};
		E127284329432E2200CDD761 /* Playground */ = {
			isa = PBXGroup;
			children = (
				E127283C2943278500CDD761 /* Basil.atlas */,
				E12728322942A1C400CDD761 /* Mozzarella.atlas */,
				E12728302942A1C400CDD761 /* Oil.atlas */,
				E12728312942A1C400CDD761 /* Tomato.atlas */,
				E127283F29432D4900CDD761 /* FlowView.swift */,
				E1B13CBC2943EAC8006707A2 /* PointsView.swift */,
				E127284129432E0F00CDD761 /* PlaygroundView.swift */,
			);
			path = Playground;
			sourceTree = "<group>";
		};
		E1B13CBE2943F683006707A2 /* Level */ = {
			isa = PBXGroup;
			children = (
				E1B13CBF2943F69F006707A2 /* LevelView.swift */,
				E1B13CC62944085F006707A2 /* MiniChef.atlas */,
			);
			path = Level;
			sourceTree = "<group>";
		};
/* End PBXGroup section */

/* Begin PBXNativeTarget section */
		B3AC84C629409284008EC2AC /* PizzaBit */ = {
			isa = PBXNativeTarget;
			buildConfigurationList = B3AC84DE29409285008EC2AC /* Build configuration list for PBXNativeTarget "PizzaBit" */;
			buildPhases = (
				B3AC84C329409284008EC2AC /* Sources */,
				B3AC84C429409284008EC2AC /* Frameworks */,
				B3AC84C529409284008EC2AC /* Resources */,
			);
			buildRules = (
			);
			dependencies = (
			);
			name = PizzaBit;
			productName = PizzaBit;
			productReference = B3AC84C729409284008EC2AC /* PizzaBit.app */;
			productType = "com.apple.product-type.application";
		};
/* End PBXNativeTarget section */

/* Begin PBXProject section */
		B3AC84BF29409284008EC2AC /* Project object */ = {
			isa = PBXProject;
			attributes = {
				BuildIndependentTargetsInParallel = 1;
				LastSwiftUpdateCheck = 1410;
				LastUpgradeCheck = 1410;
				TargetAttributes = {
					B3AC84C629409284008EC2AC = {
						CreatedOnToolsVersion = 14.1;
					};
				};
			};
			buildConfigurationList = B3AC84C229409284008EC2AC /* Build configuration list for PBXProject "PizzaBit" */;
			compatibilityVersion = "Xcode 14.0";
			developmentRegion = en;
			hasScannedForEncodings = 0;
			knownRegions = (
				en,
				Base,
			);
			mainGroup = B3AC84BE29409284008EC2AC;
			productRefGroup = B3AC84C829409284008EC2AC /* Products */;
			projectDirPath = "";
			projectRoot = "";
			targets = (
				B3AC84C629409284008EC2AC /* PizzaBit */,
			);
		};
/* End PBXProject section */

/* Begin PBXResourcesBuildPhase section */
		B3AC84C529409284008EC2AC /* Resources */ = {
			isa = PBXResourcesBuildPhase;
			buildActionMask = 2147483647;
			files = (
				B3AC84D629409284008EC2AC /* Main.storyboard in Resources */,
				E127283D2943278500CDD761 /* Basil.atlas in Resources */,
				E1B13CBB29437F27006707A2 /* Pizza_Medium.wav in Resources */,
				B3AC84CD29409284008EC2AC /* GameScene.sks in Resources */,
				E1B13CC72944085F006707A2 /* MiniChef.atlas in Resources */,
				E1B13CB929437F01006707A2 /* Pizza_Easy.wav in Resources */,
				E12728342942A1C400CDD761 /* Tomato.atlas in Resources */,
				B3AC84D829409285008EC2AC /* Assets.xcassets in Resources */,
				E127281B2941597B00CDD761 /* mozza.ahap in Resources */,
				E12728192941597B00CDD761 /* basil.ahap in Resources */,
				B3AC84DB29409285008EC2AC /* LaunchScreen.storyboard in Resources */,
				E12728352942A1C400CDD761 /* Mozzarella.atlas in Resources */,
				E12728332942A1C400CDD761 /* Oil.atlas in Resources */,
				E127281C2941597B00CDD761 /* oil.ahap in Resources */,
				E127281A2941597B00CDD761 /* tomato.ahap in Resources */,
				B3AC84CF29409284008EC2AC /* Actions.sks in Resources */,
			);
			runOnlyForDeploymentPostprocessing = 0;
		};
/* End PBXResourcesBuildPhase section */

/* Begin PBXSourcesBuildPhase section */
		B3AC84C329409284008EC2AC /* Sources */ = {
			isa = PBXSourcesBuildPhase;
			buildActionMask = 2147483647;
			files = (
				E127284229432E0F00CDD761 /* PlaygroundView.swift in Sources */,
				B3AC84D129409284008EC2AC /* GameScene.swift in Sources */,
				E127284029432D4900CDD761 /* FlowView.swift in Sources */,
				E1B13CBD2943EAC8006707A2 /* PointsView.swift in Sources */,
				E1B13CC02943F69F006707A2 /* LevelView.swift in Sources */,
				B3AC84D329409284008EC2AC /* GameViewController.swift in Sources */,
				E12728132941595D00CDD761 /* IngredientsModel.swift in Sources */,
				E12728142941595D00CDD761 /* AudioManager.swift in Sources */,
				B3AC84CB29409284008EC2AC /* AppDelegate.swift in Sources */,
			);
			runOnlyForDeploymentPostprocessing = 0;
		};
/* End PBXSourcesBuildPhase section */

/* Begin PBXVariantGroup section */
		B3AC84D429409284008EC2AC /* Main.storyboard */ = {
			isa = PBXVariantGroup;
			children = (
				B3AC84D529409284008EC2AC /* Base */,
			);
			name = Main.storyboard;
			sourceTree = "<group>";
		};
		B3AC84D929409285008EC2AC /* LaunchScreen.storyboard */ = {
			isa = PBXVariantGroup;
			children = (
				B3AC84DA29409285008EC2AC /* Base */,
			);
			name = LaunchScreen.storyboard;
			sourceTree = "<group>";
		};
/* End PBXVariantGroup section */

/* Begin XCBuildConfiguration section */
		B3AC84DC29409285008EC2AC /* Debug */ = {
			isa = XCBuildConfiguration;
			buildSettings = {
				ALWAYS_SEARCH_USER_PATHS = NO;
				CLANG_ANALYZER_NONNULL = YES;
				CLANG_ANALYZER_NUMBER_OBJECT_CONVERSION = YES_AGGRESSIVE;
				CLANG_CXX_LANGUAGE_STANDARD = "gnu++20";
				CLANG_ENABLE_MODULES = YES;
				CLANG_ENABLE_OBJC_ARC = YES;
				CLANG_ENABLE_OBJC_WEAK = YES;
				CLANG_WARN_BLOCK_CAPTURE_AUTORELEASING = YES;
				CLANG_WARN_BOOL_CONVERSION = YES;
				CLANG_WARN_COMMA = YES;
				CLANG_WARN_CONSTANT_CONVERSION = YES;
				CLANG_WARN_DEPRECATED_OBJC_IMPLEMENTATIONS = YES;
				CLANG_WARN_DIRECT_OBJC_ISA_USAGE = YES_ERROR;
				CLANG_WARN_DOCUMENTATION_COMMENTS = YES;
				CLANG_WARN_EMPTY_BODY = YES;
				CLANG_WARN_ENUM_CONVERSION = YES;
				CLANG_WARN_INFINITE_RECURSION = YES;
				CLANG_WARN_INT_CONVERSION = YES;
				CLANG_WARN_NON_LITERAL_NULL_CONVERSION = YES;
				CLANG_WARN_OBJC_IMPLICIT_RETAIN_SELF = YES;
				CLANG_WARN_OBJC_LITERAL_CONVERSION = YES;
				CLANG_WARN_OBJC_ROOT_CLASS = YES_ERROR;
				CLANG_WARN_QUOTED_INCLUDE_IN_FRAMEWORK_HEADER = YES;
				CLANG_WARN_RANGE_LOOP_ANALYSIS = YES;
				CLANG_WARN_STRICT_PROTOTYPES = YES;
				CLANG_WARN_SUSPICIOUS_MOVE = YES;
				CLANG_WARN_UNGUARDED_AVAILABILITY = YES_AGGRESSIVE;
				CLANG_WARN_UNREACHABLE_CODE = YES;
				CLANG_WARN__DUPLICATE_METHOD_MATCH = YES;
				COPY_PHASE_STRIP = NO;
				DEBUG_INFORMATION_FORMAT = dwarf;
				ENABLE_STRICT_OBJC_MSGSEND = YES;
				ENABLE_TESTABILITY = YES;
				GCC_C_LANGUAGE_STANDARD = gnu11;
				GCC_DYNAMIC_NO_PIC = NO;
				GCC_NO_COMMON_BLOCKS = YES;
				GCC_OPTIMIZATION_LEVEL = 0;
				GCC_PREPROCESSOR_DEFINITIONS = (
					"DEBUG=1",
					"$(inherited)",
				);
				GCC_WARN_64_TO_32_BIT_CONVERSION = YES;
				GCC_WARN_ABOUT_RETURN_TYPE = YES_ERROR;
				GCC_WARN_UNDECLARED_SELECTOR = YES;
				GCC_WARN_UNINITIALIZED_AUTOS = YES_AGGRESSIVE;
				GCC_WARN_UNUSED_FUNCTION = YES;
				GCC_WARN_UNUSED_VARIABLE = YES;
				IPHONEOS_DEPLOYMENT_TARGET = 16.1;
				MTL_ENABLE_DEBUG_INFO = INCLUDE_SOURCE;
				MTL_FAST_MATH = YES;
				ONLY_ACTIVE_ARCH = YES;
				SDKROOT = iphoneos;
				SWIFT_ACTIVE_COMPILATION_CONDITIONS = DEBUG;
				SWIFT_OPTIMIZATION_LEVEL = "-Onone";
			};
			name = Debug;
		};
		B3AC84DD29409285008EC2AC /* Release */ = {
			isa = XCBuildConfiguration;
			buildSettings = {
				ALWAYS_SEARCH_USER_PATHS = NO;
				CLANG_ANALYZER_NONNULL = YES;
				CLANG_ANALYZER_NUMBER_OBJECT_CONVERSION = YES_AGGRESSIVE;
				CLANG_CXX_LANGUAGE_STANDARD = "gnu++20";
				CLANG_ENABLE_MODULES = YES;
				CLANG_ENABLE_OBJC_ARC = YES;
				CLANG_ENABLE_OBJC_WEAK = YES;
				CLANG_WARN_BLOCK_CAPTURE_AUTORELEASING = YES;
				CLANG_WARN_BOOL_CONVERSION = YES;
				CLANG_WARN_COMMA = YES;
				CLANG_WARN_CONSTANT_CONVERSION = YES;
				CLANG_WARN_DEPRECATED_OBJC_IMPLEMENTATIONS = YES;
				CLANG_WARN_DIRECT_OBJC_ISA_USAGE = YES_ERROR;
				CLANG_WARN_DOCUMENTATION_COMMENTS = YES;
				CLANG_WARN_EMPTY_BODY = YES;
				CLANG_WARN_ENUM_CONVERSION = YES;
				CLANG_WARN_INFINITE_RECURSION = YES;
				CLANG_WARN_INT_CONVERSION = YES;
				CLANG_WARN_NON_LITERAL_NULL_CONVERSION = YES;
				CLANG_WARN_OBJC_IMPLICIT_RETAIN_SELF = YES;
				CLANG_WARN_OBJC_LITERAL_CONVERSION = YES;
				CLANG_WARN_OBJC_ROOT_CLASS = YES_ERROR;
				CLANG_WARN_QUOTED_INCLUDE_IN_FRAMEWORK_HEADER = YES;
				CLANG_WARN_RANGE_LOOP_ANALYSIS = YES;
				CLANG_WARN_STRICT_PROTOTYPES = YES;
				CLANG_WARN_SUSPICIOUS_MOVE = YES;
				CLANG_WARN_UNGUARDED_AVAILABILITY = YES_AGGRESSIVE;
				CLANG_WARN_UNREACHABLE_CODE = YES;
				CLANG_WARN__DUPLICATE_METHOD_MATCH = YES;
				COPY_PHASE_STRIP = NO;
				DEBUG_INFORMATION_FORMAT = "dwarf-with-dsym";
				ENABLE_NS_ASSERTIONS = NO;
				ENABLE_STRICT_OBJC_MSGSEND = YES;
				GCC_C_LANGUAGE_STANDARD = gnu11;
				GCC_NO_COMMON_BLOCKS = YES;
				GCC_WARN_64_TO_32_BIT_CONVERSION = YES;
				GCC_WARN_ABOUT_RETURN_TYPE = YES_ERROR;
				GCC_WARN_UNDECLARED_SELECTOR = YES;
				GCC_WARN_UNINITIALIZED_AUTOS = YES_AGGRESSIVE;
				GCC_WARN_UNUSED_FUNCTION = YES;
				GCC_WARN_UNUSED_VARIABLE = YES;
				IPHONEOS_DEPLOYMENT_TARGET = 16.1;
				MTL_ENABLE_DEBUG_INFO = NO;
				MTL_FAST_MATH = YES;
				SDKROOT = iphoneos;
				SWIFT_COMPILATION_MODE = wholemodule;
				SWIFT_OPTIMIZATION_LEVEL = "-O";
				VALIDATE_PRODUCT = YES;
			};
			name = Release;
		};
		B3AC84DF29409285008EC2AC /* Debug */ = {
			isa = XCBuildConfiguration;
			buildSettings = {
				ASSETCATALOG_COMPILER_APPICON_NAME = AppIcon;
				ASSETCATALOG_COMPILER_GLOBAL_ACCENT_COLOR_NAME = AccentColor;
				CODE_SIGN_STYLE = Automatic;
				CURRENT_PROJECT_VERSION = 1;
				DEVELOPMENT_TEAM = "";
				GENERATE_INFOPLIST_FILE = YES;
				INFOPLIST_KEY_UIApplicationSupportsIndirectInputEvents = YES;
				INFOPLIST_KEY_UILaunchStoryboardName = LaunchScreen;
				INFOPLIST_KEY_UIMainStoryboardFile = Main;
				INFOPLIST_KEY_UIStatusBarHidden = YES;
				INFOPLIST_KEY_UISupportedInterfaceOrientations_iPad = "UIInterfaceOrientationLandscapeLeft UIInterfaceOrientationLandscapeRight";
				INFOPLIST_KEY_UISupportedInterfaceOrientations_iPhone = "UIInterfaceOrientationLandscapeLeft UIInterfaceOrientationLandscapeRight";
				LD_RUNPATH_SEARCH_PATHS = (
					"$(inherited)",
					"@executable_path/Frameworks",
				);
				MARKETING_VERSION = 1.0;
				PRODUCT_BUNDLE_IDENTIFIER = com.TaekwonDough.PizzaBit;
				PRODUCT_NAME = "$(TARGET_NAME)";
				SUPPORTED_PLATFORMS = "iphoneos iphonesimulator";
				SUPPORTS_MACCATALYST = NO;
				SUPPORTS_MAC_DESIGNED_FOR_IPHONE_IPAD = NO;
				SWIFT_EMIT_LOC_STRINGS = YES;
				SWIFT_VERSION = 5.0;
				TARGETED_DEVICE_FAMILY = 1;
			};
			name = Debug;
		};
		B3AC84E029409285008EC2AC /* Release */ = {
			isa = XCBuildConfiguration;
			buildSettings = {
				ASSETCATALOG_COMPILER_APPICON_NAME = AppIcon;
				ASSETCATALOG_COMPILER_GLOBAL_ACCENT_COLOR_NAME = AccentColor;
				CODE_SIGN_STYLE = Automatic;
				CURRENT_PROJECT_VERSION = 1;
				DEVELOPMENT_TEAM = "";
				GENERATE_INFOPLIST_FILE = YES;
				INFOPLIST_KEY_UIApplicationSupportsIndirectInputEvents = YES;
				INFOPLIST_KEY_UILaunchStoryboardName = LaunchScreen;
				INFOPLIST_KEY_UIMainStoryboardFile = Main;
				INFOPLIST_KEY_UIStatusBarHidden = YES;
				INFOPLIST_KEY_UISupportedInterfaceOrientations_iPad = "UIInterfaceOrientationLandscapeLeft UIInterfaceOrientationLandscapeRight";
				INFOPLIST_KEY_UISupportedInterfaceOrientations_iPhone = "UIInterfaceOrientationLandscapeLeft UIInterfaceOrientationLandscapeRight";
				LD_RUNPATH_SEARCH_PATHS = (
					"$(inherited)",
					"@executable_path/Frameworks",
				);
				MARKETING_VERSION = 1.0;
				PRODUCT_BUNDLE_IDENTIFIER = com.TaekwonDough.PizzaBit;
				PRODUCT_NAME = "$(TARGET_NAME)";
				SUPPORTED_PLATFORMS = "iphoneos iphonesimulator";
				SUPPORTS_MACCATALYST = NO;
				SUPPORTS_MAC_DESIGNED_FOR_IPHONE_IPAD = NO;
				SWIFT_EMIT_LOC_STRINGS = YES;
				SWIFT_VERSION = 5.0;
				TARGETED_DEVICE_FAMILY = 1;
			};
			name = Release;
		};
/* End XCBuildConfiguration section */

/* Begin XCConfigurationList section */
		B3AC84C229409284008EC2AC /* Build configuration list for PBXProject "PizzaBit" */ = {
			isa = XCConfigurationList;
			buildConfigurations = (
				B3AC84DC29409285008EC2AC /* Debug */,
				B3AC84DD29409285008EC2AC /* Release */,
			);
			defaultConfigurationIsVisible = 0;
			defaultConfigurationName = Release;
		};
		B3AC84DE29409285008EC2AC /* Build configuration list for PBXNativeTarget "PizzaBit" */ = {
			isa = XCConfigurationList;
			buildConfigurations = (
				B3AC84DF29409285008EC2AC /* Debug */,
				B3AC84E029409285008EC2AC /* Release */,
			);
			defaultConfigurationIsVisible = 0;
			defaultConfigurationName = Release;
		};
/* End XCConfigurationList section */
	};
	rootObject = B3AC84BF29409284008EC2AC /* Project object */;
}
